
Microsoft Visual Studio Solution File, Format Version 12.00
# Visual Studio Version 17
VisualStudioVersion = 17.0.31903.59
MinimumVisualStudioVersion = 10.0.40219.1
Project("{FAE04EC0-301F-11D3-BF4B-00C04F79EFBC}") = "Bataille_Winform", "Bataille_Winform.csproj", "{EEA47CE9-7919-48F1-ADFA-3A563345086C}"
EndProject
Global
	GlobalSection(SolutionConfigurationPlatforms) = preSolution
		Debug|Any CPU = Debug|Any CPU
		Release|Any CPU = Release|Any CPU
	EndGlobalSection
	GlobalSection(ProjectConfigurationPlatforms) = postSolution
		{EEA47CE9-7919-48F1-ADFA-3A563345086C}.Debug|Any CPU.ActiveCfg = Debug|Any CPU
		{EEA47CE9-7919-48F1-ADFA-3A563345086C}.Debug|Any CPU.Build.0 = Debug|Any CPU
		{EEA47CE9-7919-48F1-ADFA-3A563345086C}.Release|Any CPU.ActiveCfg = Release|Any CPU
		{EEA47CE9-7919-48F1-ADFA-3A563345086C}.Release|Any CPU.Build.0 = Release|Any CPU
	EndGlobalSection
	GlobalSection(SolutionProperties) = preSolution
		HideSolutionNode = FALSE
	EndGlobalSection
	GlobalSection(ExtensibilityGlobals) = postSolution
		SolutionGuid = {D78EF0AC-87E1-4D99-9614-AC408D3D4142}
	EndGlobalSection
EndGlobal
